
Microsoft Visual Studio Solution File, Format Version 12.00
# Visual Studio Version 17
VisualStudioVersion = 17.7.34031.279
MinimumVisualStudioVersion = 10.0.40219.1
Project("{9A19103F-16F7-4668-BE54-9A1E7A4F7556}") = "HRMSystem.Server", "HRMSystem\Server\HRMSystem.Server.csproj", "{3F905D18-EE79-41B6-8986-16C795D2C6B7}"
EndProject
Project("{9A19103F-16F7-4668-BE54-9A1E7A4F7556}") = "HRMSystem.Client", "HRMSystem\Client\HRMSystem.Client.csproj", "{68DFAB01-5410-4B07-A78A-BC43B7ED7FD9}"
EndProject
Project("{9A19103F-16F7-4668-BE54-9A1E7A4F7556}") = "HRMSystem.Shared", "HRMSystem\Shared\HRMSystem.Shared.csproj", "{1486DC03-AC6D-4C9B-B0EF-B5FB7D7DA1EC}"
EndProject
Global
	GlobalSection(SolutionConfigurationPlatforms) = preSolution
		Debug|Any CPU = Debug|Any CPU
		Release|Any CPU = Release|Any CPU
	EndGlobalSection
	GlobalSection(ProjectConfigurationPlatforms) = postSolution
		{3F905D18-EE79-41B6-8986-16C795D2C6B7}.Debug|Any CPU.ActiveCfg = Debug|Any CPU
		{3F905D18-EE79-41B6-8986-16C795D2C6B7}.Debug|Any CPU.Build.0 = Debug|Any CPU
		{3F905D18-EE79-41B6-8986-16C795D2C6B7}.Release|Any CPU.ActiveCfg = Release|Any CPU
		{3F905D18-EE79-41B6-8986-16C795D2C6B7}.Release|Any CPU.Build.0 = Release|Any CPU
		{68DFAB01-5410-4B07-A78A-BC43B7ED7FD9}.Debug|Any CPU.ActiveCfg = Debug|Any CPU
		{68DFAB01-5410-4B07-A78A-BC43B7ED7FD9}.Debug|Any CPU.Build.0 = Debug|Any CPU
		{68DFAB01-5410-4B07-A78A-BC43B7ED7FD9}.Release|Any CPU.ActiveCfg = Release|Any CPU
		{68DFAB01-5410-4B07-A78A-BC43B7ED7FD9}.Release|Any CPU.Build.0 = Release|Any CPU
		{1486DC03-AC6D-4C9B-B0EF-B5FB7D7DA1EC}.Debug|Any CPU.ActiveCfg = Debug|Any CPU
		{1486DC03-AC6D-4C9B-B0EF-B5FB7D7DA1EC}.Debug|Any CPU.Build.0 = Debug|Any CPU
		{1486DC03-AC6D-4C9B-B0EF-B5FB7D7DA1EC}.Release|Any CPU.ActiveCfg = Release|Any CPU
		{1486DC03-AC6D-4C9B-B0EF-B5FB7D7DA1EC}.Release|Any CPU.Build.0 = Release|Any CPU
	EndGlobalSection
	GlobalSection(SolutionProperties) = preSolution
		HideSolutionNode = FALSE
	EndGlobalSection
	GlobalSection(ExtensibilityGlobals) = postSolution
		SolutionGuid = {23FBC6B5-9A54-4E99-B2BA-674842095AD6}
	EndGlobalSection
EndGlobal
